
Microsoft Visual Studio Solution File, Format Version 12.00
# Visual Studio 15
VisualStudioVersion = 15.0.28307.705
MinimumVisualStudioVersion = 10.0.40219.1
Project("{9A19103F-16F7-4668-BE54-9A1E7A4F7556}") = "CardiologicClinic_WebApp", "CardiologicClinic_WebApp\CardiologicClinic_WebApp.csproj", "{93C983C6-7C64-4E8C-8751-759C2F001E48}"
EndProject
Global
	GlobalSection(SolutionConfigurationPlatforms) = preSolution
		Debug|Any CPU = Debug|Any CPU
		Release|Any CPU = Release|Any CPU
	EndGlobalSection
	GlobalSection(ProjectConfigurationPlatforms) = postSolution
		{93C983C6-7C64-4E8C-8751-759C2F001E48}.Debug|Any CPU.ActiveCfg = Debug|Any CPU
		{93C983C6-7C64-4E8C-8751-759C2F001E48}.Debug|Any CPU.Build.0 = Debug|Any CPU
		{93C983C6-7C64-4E8C-8751-759C2F001E48}.Release|Any CPU.ActiveCfg = Release|Any CPU
		{93C983C6-7C64-4E8C-8751-759C2F001E48}.Release|Any CPU.Build.0 = Release|Any CPU
	EndGlobalSection
	GlobalSection(SolutionProperties) = preSolution
		HideSolutionNode = FALSE
	EndGlobalSection
	GlobalSection(ExtensibilityGlobals) = postSolution
		SolutionGuid = {02FC601B-D136-4449-B144-642A4BE5846C}
	EndGlobalSection
EndGlobal
